PODS:
  - composeApp (1.0):
    - YandexMapsMobile (= 4.25.0-full)
  - YandexMapsMobile (4.25.0-full)

DEPENDENCIES:
  - composeApp (from `../composeApp`)

SPEC REPOS:
  trunk:
    - YandexMapsMobile

EXTERNAL SOURCES:
  composeApp:
    :path: "../composeApp"

SPEC CHECKSUMS:
  composeApp: b2020eb3e7c6b4566167a3b3b388fac5440b6478
  YandexMapsMobile: cce1234188709e580cf7f27612ec3267699ab046

PODFILE CHECKSUM: cf92d93dbbaab3863e1c8da92c0530ad465ae580

COCOAPODS: 1.16.2
