PODS:
  - composeApp (1.0):
    - YandexMapsMobile (= 4.24.0-lite)
  - YandexMapsMobile (4.24.0-lite)

DEPENDENCIES:
  - composeApp (from `../composeApp`)
  - YandexMapsMobile (= 4.24.0-lite)

SPEC REPOS:
  trunk:
    - YandexMapsMobile

EXTERNAL SOURCES:
  composeApp:
    :path: "../composeApp"

SPEC CHECKSUMS:
  composeApp: ecc1f4f6bf9c7d2accd2c20986668ebea17b4274
  YandexMapsMobile: 2286dac072a1444b4e726e63e09b0e5061d97d07

PODFILE CHECKSUM: 02d82ecb424dd48220a6aa15f25fb402aa5464ad

COCOAPODS: 1.16.2
