{
  "originHash" : "cede28264f220d95e9eb9f73b7dda81b01769c183f229d36ce4103dee6edf558",
  "pins" : [
    {
      "identity" : "appmetrica-sdk-ios",
      "kind" : "remoteSourceControl",
      "location" : "https://github.com/appmetrica/appmetrica-sdk-ios",
      "state" : {
        "revision" : "a5a7a0c8898395cb4090ccbb39b5da4eead2dd2f",
        "version" : "5.15.0"
      }
    },
    {
      "identity" : "functional-swift",
      "kind" : "remoteSourceControl",
      "location" : "https://git.yoomoney.ru/scm/sdk/functional-swift.git",
      "state" : {
        "revision" : "ffc24bb635a518f663e03bb81a265bc5ff5dd7ac",
        "version" : "2.3.3"
      }
    },
    {
      "identity" : "kscrash",
      "kind" : "remoteSourceControl",
      "location" : "https://github.com/kstenerud/KSCrash",
      "state" : {
        "revision" : "c0177658fc771ae833b6d3b8f5f3f5a14d59ec03",
        "version" : "2.1.2"
      }
    },
    {
      "identity" : "openssl-package",
      "kind" : "remoteSourceControl",
      "location" : "https://github.com/krzyzanowskim/OpenSSL-Package.git",
      "state" : {
        "revision" : "4db40e8f0bac4edd7b605cc692b924b558f0d125",
        "version" : "3.6.1"
      }
    },
    {
      "identity" : "sdkpay-static",
      "kind" : "remoteSourceControl",
      "location" : "https://github.com/sdkpay/sdkpay-static.git",
      "state" : {
        "revision" : "a362c3ab1b498d4a4c78a3a04ecc1ce66e8df22e",
        "version" : "3.0.1"
      }
    },
    {
      "identity" : "yookassa-payments-api-swift",
      "kind" : "remoteSourceControl",
      "location" : "https://git.yoomoney.ru/scm/sdk/yookassa-payments-api-swift.git",
      "state" : {
        "revision" : "8e655d8918d4eb6afd1861cb45c113320d619125",
        "version" : "2.26.0"
      }
    },
    {
      "identity" : "yookassa-payments-swift",
      "kind" : "remoteSourceControl",
      "location" : "https://git.yoomoney.ru/scm/sdk/yookassa-payments-swift.git",
      "state" : {
        "revision" : "fd0fef50898d6449ba16a2eb17b8cf9f65b722ab",
        "version" : "8.1.1"
      }
    },
    {
      "identity" : "yookassa-wallet-api-swift",
      "kind" : "remoteSourceControl",
      "location" : "https://git.yoomoney.ru/scm/sdk/yookassa-wallet-api-swift.git",
      "state" : {
        "revision" : "beef683d63a3f9202e210513e82ad62aeeb7aaac",
        "version" : "2.7.2"
      }
    },
    {
      "identity" : "yoomoney-auth-sdk-ios",
      "kind" : "remoteSourceControl",
      "location" : "https://git.yoomoney.ru/scm/sdk/yoomoney-auth-sdk-ios.git",
      "state" : {
        "revision" : "d2366a7cb7b909fa0ff7938b5b563ed168a6fd68",
        "version" : "12.1.3"
      }
    },
    {
      "identity" : "yoomoney-authenticator-api-sdk-ios",
      "kind" : "remoteSourceControl",
      "location" : "https://git.yoomoney.ru/scm/sdk/yoomoney-authenticator-api-sdk-ios.git",
      "state" : {
        "revision" : "2031d1a4e5c76fe9afeea9e035a5005550642ad2",
        "version" : "2.0.2"
      }
    },
    {
      "identity" : "yoomoney-core-api-swift",
      "kind" : "remoteSourceControl",
      "location" : "https://git.yoomoney.ru/scm/sdk/yoomoney-core-api-swift.git",
      "state" : {
        "revision" : "f253c80c2005b946f1ae5542190ecdeccbf5f810",
        "version" : "3.3.4"
      }
    },
    {
      "identity" : "yoomoney-pinning-sdk-ios",
      "kind" : "remoteSourceControl",
      "location" : "https://git.yoomoney.ru/scm/sdk/yoomoney-pinning-sdk-ios.git",
      "state" : {
        "revision" : "8948e32afb9ca74b82440aee7c2deb7c58687fb3",
        "version" : "2.3.1"
      }
    },
    {
      "identity" : "yoomoney-session-profiler-sdk-ios",
      "kind" : "remoteSourceControl",
      "location" : "https://git.yoomoney.ru/scm/sdk/yoomoney-session-profiler-sdk-ios.git",
      "state" : {
        "revision" : "41e54d894e19f7f01c466d07d0999aef98cf5a85",
        "version" : "5.3.4"
      }
    },
    {
      "identity" : "yoomoney-two-fa-sdk-ios",
      "kind" : "remoteSourceControl",
      "location" : "https://git.yoomoney.ru/scm/sdk/yoomoney-two-fa-sdk-ios.git",
      "state" : {
        "revision" : "ec500ec946a32472c357c3e4ca23b3f642b4d3fc",
        "version" : "1.3.4"
      }
    },
    {
      "identity" : "yoomoney-ui-sdk-ios",
      "kind" : "remoteSourceControl",
      "location" : "https://git.yoomoney.ru/scm/sdk/yoomoney-ui-sdk-ios.git",
      "state" : {
        "revision" : "b8a4dd849d31d3a843bcad9098d6087b1a4a42b1",
        "version" : "7.13.5"
      }
    },
    {
      "identity" : "yoomoney-user-auth-center-api-sdk-ios",
      "kind" : "remoteSourceControl",
      "location" : "https://git.yoomoney.ru/scm/sdk/yoomoney-user-auth-center-api-sdk-ios.git",
      "state" : {
        "revision" : "b1966d886e87986a0cee0a03227dfcee43de0314",
        "version" : "10.4.4"
      }
    }
  ],
  "version" : 3
}
